uuid: 01546338-4025-42ef-8fc6-312ea5544796
langcode: en
status: true
dependencies:
  config:
    - views.view.workshop_count
  module:
    - system
    - views
  theme:
    - burger_burgler
id: burger_burgler_views_block__workshop_count_proposed_workshop_block
theme: burger_burgler
region: sidebar_first
weight: -8
provider: null
plugin: 'views_block:workshop_count-proposed_workshop_block'
settings:
  id: 'views_block:workshop_count-proposed_workshop_block'
  label: ''
  provider: views
  label_display: visible
  views_label: ''
  items_per_page: none
visibility:
  request_path:
    id: request_path
    pages: /workshop-list
    negate: false
    context_mapping: {  }
